# This file is automatically @generated by Cargo.
# It is not intended for manual editing.
version = 4

[[package]]
name = "aoc_helper"
version = "0.1.4"
source = "git+https://github.com/GrownPlanet/aoc_helper.git?tag=v0.1.5#3761adbbd0aff4e534d564def47839d713b97eb2"

[[package]]
name = "d24"
version = "0.1.0"
dependencies = [
 "aoc_helper",
]
