# This file is automatically @generated by Cargo.
# It is not intended for manual editing.
version = 4

[[package]]
name = "aoc_helper"
version = "0.1.4"
source = "git+https://github.com/GrownPlanet/aoc_helper.git?tag=v0.1.4#53c1a1cf54c28c8d04fa50f518db4ef33de85829"

[[package]]
name = "d18"
version = "0.1.0"
dependencies = [
 "aoc_helper",
]
